
Microsoft Visual Studio Solution File, Format Version 12.00
# Visual Studio 2013
VisualStudioVersion = 12.0.31101.0
MinimumVisualStudioVersion = 10.0.40219.1
Project("{2150E333-8FDC-42A3-9474-1A3956D46DE8}") = "Core", "Core", "{08642963-38AF-4B52-AD96-02026460B260}"
EndProject
Project("{FAE04EC0-301F-11D3-BF4B-00C04F79EFBC}") = "DDDPizzaInc.DomainModels", "DDDPizzaInc.DomainModels\DDDPizzaInc.DomainModels.csproj", "{909913EE-00DC-46B5-9999-8E7E04735AEE}"
EndProject
Project("{FAE04EC0-301F-11D3-BF4B-00C04F79EFBC}") = "DDDPizzaInc.Interfaces", "DDDPizzaInc.Interfaces\DDDPizzaInc.Interfaces.csproj", "{D95B4500-6A05-43A2-A514-28001AFE3698}"
EndProject
Project("{2150E333-8FDC-42A3-9474-1A3956D46DE8}") = "Solution Items", "Solution Items", "{421808D6-B324-49D9-BAEC-A26534D7BCF9}"
	ProjectSection(SolutionItems) = preProject
		.bowerrc = .bowerrc
		.gitattributes = .gitattributes
		.gitignore = .gitignore
		appveyor.yml = appveyor.yml
		bower.json = bower.json
		gulpfile.js = gulpfile.js
		package.json = package.json
		README.md = README.md
	EndProjectSection
EndProject
Project("{2150E333-8FDC-42A3-9474-1A3956D46DE8}") = "Application", "Application", "{87CBB5CF-A551-404A-9EBA-C903E68A53F7}"
EndProject
Project("{2150E333-8FDC-42A3-9474-1A3956D46DE8}") = "Infrastructure", "Infrastructure", "{F6997956-24CE-4C43-B338-4C119653620B}"
EndProject
Project("{2150E333-8FDC-42A3-9474-1A3956D46DE8}") = "Mocks", "Mocks", "{CB657388-D16E-4C41-B1FA-DFDE298076FE}"
EndProject
Project("{2150E333-8FDC-42A3-9474-1A3956D46DE8}") = "Tests", "Tests", "{42F125CA-0735-47B8-8250-7ADD426581CA}"
EndProject
Project("{2150E333-8FDC-42A3-9474-1A3956D46DE8}") = "Shared", "Shared", "{02C1BBBF-61DE-436C-B894-87C6D144A0B6}"
EndProject
Project("{2150E333-8FDC-42A3-9474-1A3956D46DE8}") = "Web", "Web", "{8F5443CD-73E7-4616-B60B-D4DA7B1BC18B}"
EndProject
Project("{FAE04EC0-301F-11D3-BF4B-00C04F79EFBC}") = "DDDPizzaInc.ApplicationServices", "DDDPizzaInc.ApplicationServices\DDDPizzaInc.ApplicationServices.csproj", "{F2241C8B-8E38-4346-8FC4-66E0327B2C78}"
EndProject
Project("{FAE04EC0-301F-11D3-BF4B-00C04F79EFBC}") = "DDDPizzaInc.ViewModels", "DDDPizzaInc.ViewModels\DDDPizzaInc.ViewModels.csproj", "{379EEFA4-C509-4909-B31C-8403470E25F7}"
EndProject
Project("{FAE04EC0-301F-11D3-BF4B-00C04F79EFBC}") = "DDDPizzaInc.Infrastructure", "DDDPizzaInc.Infrastructure\DDDPizzaInc.Infrastructure.csproj", "{7C4C5458-4C87-43D3-A50C-427B38191B4C}"
EndProject
Project("{FAE04EC0-301F-11D3-BF4B-00C04F79EFBC}") = "DDDPizzaInc.Infrastructure.MongoDb", "DDDPizzaInc.Infrastructure.MongoDb\DDDPizzaInc.Infrastructure.MongoDb.csproj", "{4D24B262-0A8B-4137-8276-0CCA12CCB74C}"
EndProject
Project("{FAE04EC0-301F-11D3-BF4B-00C04F79EFBC}") = "DDDPizzaInc.Mocks", "DDDPizzaInc.Mocks\DDDPizzaInc.Mocks.csproj", "{4A2F1AEC-61FD-4476-B602-783199285EBB}"
EndProject
Project("{FAE04EC0-301F-11D3-BF4B-00C04F79EFBC}") = "DDDPizzaInc.SharedKernel", "DDDPizzaInc.SharedKernel\DDDPizzaInc.SharedKernel.csproj", "{BCBA99A8-6E0C-4882-AECC-DAAA780C1060}"
EndProject
Project("{FAE04EC0-301F-11D3-BF4B-00C04F79EFBC}") = "DDDpizzaInc.UnitTests", "DDDpizzaInc.UnitTests\DDDpizzaInc.UnitTests.csproj", "{4C235CA1-2EEB-41A7-BDEE-04F4DD71449E}"
EndProject
Project("{FAE04EC0-301F-11D3-BF4B-00C04F79EFBC}") = "DDDPizzaInc.Api", "DDDPizzaInc.Api\DDDPizzaInc.Api.csproj", "{8A264DC0-AF72-4169-8B73-9E28B91D5266}"
EndProject
Project("{2150E333-8FDC-42A3-9474-1A3956D46DE8}") = ".nuget", ".nuget", "{6E294E80-102D-4FC9-9324-104A267DB0F9}"
	ProjectSection(SolutionItems) = preProject
		.nuget\packages.config = .nuget\packages.config
	EndProjectSection
EndProject
Global
	GlobalSection(SolutionConfigurationPlatforms) = preSolution
		Debug|Any CPU = Debug|Any CPU
		Release|Any CPU = Release|Any CPU
	EndGlobalSection
	GlobalSection(ProjectConfigurationPlatforms) = postSolution
		{909913EE-00DC-46B5-9999-8E7E04735AEE}.Debug|Any CPU.ActiveCfg = Debug|Any CPU
		{909913EE-00DC-46B5-9999-8E7E04735AEE}.Debug|Any CPU.Build.0 = Debug|Any CPU
		{909913EE-00DC-46B5-9999-8E7E04735AEE}.Release|Any CPU.ActiveCfg = Release|Any CPU
		{909913EE-00DC-46B5-9999-8E7E04735AEE}.Release|Any CPU.Build.0 = Release|Any CPU
		{D95B4500-6A05-43A2-A514-28001AFE3698}.Debug|Any CPU.ActiveCfg = Debug|Any CPU
		{D95B4500-6A05-43A2-A514-28001AFE3698}.Debug|Any CPU.Build.0 = Debug|Any CPU
		{D95B4500-6A05-43A2-A514-28001AFE3698}.Release|Any CPU.ActiveCfg = Release|Any CPU
		{D95B4500-6A05-43A2-A514-28001AFE3698}.Release|Any CPU.Build.0 = Release|Any CPU
		{F2241C8B-8E38-4346-8FC4-66E0327B2C78}.Debug|Any CPU.ActiveCfg = Debug|Any CPU
		{F2241C8B-8E38-4346-8FC4-66E0327B2C78}.Debug|Any CPU.Build.0 = Debug|Any CPU
		{F2241C8B-8E38-4346-8FC4-66E0327B2C78}.Release|Any CPU.ActiveCfg = Release|Any CPU
		{F2241C8B-8E38-4346-8FC4-66E0327B2C78}.Release|Any CPU.Build.0 = Release|Any CPU
		{379EEFA4-C509-4909-B31C-8403470E25F7}.Debug|Any CPU.ActiveCfg = Debug|Any CPU
		{379EEFA4-C509-4909-B31C-8403470E25F7}.Debug|Any CPU.Build.0 = Debug|Any CPU
		{379EEFA4-C509-4909-B31C-8403470E25F7}.Release|Any CPU.ActiveCfg = Release|Any CPU
		{379EEFA4-C509-4909-B31C-8403470E25F7}.Release|Any CPU.Build.0 = Release|Any CPU
		{7C4C5458-4C87-43D3-A50C-427B38191B4C}.Debug|Any CPU.ActiveCfg = Debug|Any CPU
		{7C4C5458-4C87-43D3-A50C-427B38191B4C}.Debug|Any CPU.Build.0 = Debug|Any CPU
		{7C4C5458-4C87-43D3-A50C-427B38191B4C}.Release|Any CPU.ActiveCfg = Release|Any CPU
		{7C4C5458-4C87-43D3-A50C-427B38191B4C}.Release|Any CPU.Build.0 = Release|Any CPU
		{4D24B262-0A8B-4137-8276-0CCA12CCB74C}.Debug|Any CPU.ActiveCfg = Debug|Any CPU
		{4D24B262-0A8B-4137-8276-0CCA12CCB74C}.Debug|Any CPU.Build.0 = Debug|Any CPU
		{4D24B262-0A8B-4137-8276-0CCA12CCB74C}.Release|Any CPU.ActiveCfg = Release|Any CPU
		{4D24B262-0A8B-4137-8276-0CCA12CCB74C}.Release|Any CPU.Build.0 = Release|Any CPU
		{4A2F1AEC-61FD-4476-B602-783199285EBB}.Debug|Any CPU.ActiveCfg = Debug|Any CPU
		{4A2F1AEC-61FD-4476-B602-783199285EBB}.Debug|Any CPU.Build.0 = Debug|Any CPU
		{4A2F1AEC-61FD-4476-B602-783199285EBB}.Release|Any CPU.ActiveCfg = Release|Any CPU
		{4A2F1AEC-61FD-4476-B602-783199285EBB}.Release|Any CPU.Build.0 = Release|Any CPU
		{BCBA99A8-6E0C-4882-AECC-DAAA780C1060}.Debug|Any CPU.ActiveCfg = Debug|Any CPU
		{BCBA99A8-6E0C-4882-AECC-DAAA780C1060}.Debug|Any CPU.Build.0 = Debug|Any CPU
		{BCBA99A8-6E0C-4882-AECC-DAAA780C1060}.Release|Any CPU.ActiveCfg = Release|Any CPU
		{BCBA99A8-6E0C-4882-AECC-DAAA780C1060}.Release|Any CPU.Build.0 = Release|Any CPU
		{4C235CA1-2EEB-41A7-BDEE-04F4DD71449E}.Debug|Any CPU.ActiveCfg = Debug|Any CPU
		{4C235CA1-2EEB-41A7-BDEE-04F4DD71449E}.Debug|Any CPU.Build.0 = Debug|Any CPU
		{4C235CA1-2EEB-41A7-BDEE-04F4DD71449E}.Release|Any CPU.ActiveCfg = Release|Any CPU
		{4C235CA1-2EEB-41A7-BDEE-04F4DD71449E}.Release|Any CPU.Build.0 = Release|Any CPU
		{8A264DC0-AF72-4169-8B73-9E28B91D5266}.Debug|Any CPU.ActiveCfg = Debug|Any CPU
		{8A264DC0-AF72-4169-8B73-9E28B91D5266}.Debug|Any CPU.Build.0 = Debug|Any CPU
		{8A264DC0-AF72-4169-8B73-9E28B91D5266}.Release|Any CPU.ActiveCfg = Release|Any CPU
		{8A264DC0-AF72-4169-8B73-9E28B91D5266}.Release|Any CPU.Build.0 = Release|Any CPU
	EndGlobalSection
	GlobalSection(SolutionProperties) = preSolution
		HideSolutionNode = FALSE
	EndGlobalSection
	GlobalSection(NestedProjects) = preSolution
		{909913EE-00DC-46B5-9999-8E7E04735AEE} = {08642963-38AF-4B52-AD96-02026460B260}
		{D95B4500-6A05-43A2-A514-28001AFE3698} = {08642963-38AF-4B52-AD96-02026460B260}
		{F2241C8B-8E38-4346-8FC4-66E0327B2C78} = {87CBB5CF-A551-404A-9EBA-C903E68A53F7}
		{379EEFA4-C509-4909-B31C-8403470E25F7} = {87CBB5CF-A551-404A-9EBA-C903E68A53F7}
		{7C4C5458-4C87-43D3-A50C-427B38191B4C} = {F6997956-24CE-4C43-B338-4C119653620B}
		{4D24B262-0A8B-4137-8276-0CCA12CCB74C} = {F6997956-24CE-4C43-B338-4C119653620B}
		{4A2F1AEC-61FD-4476-B602-783199285EBB} = {CB657388-D16E-4C41-B1FA-DFDE298076FE}
		{BCBA99A8-6E0C-4882-AECC-DAAA780C1060} = {02C1BBBF-61DE-436C-B894-87C6D144A0B6}
		{4C235CA1-2EEB-41A7-BDEE-04F4DD71449E} = {42F125CA-0735-47B8-8250-7ADD426581CA}
		{8A264DC0-AF72-4169-8B73-9E28B91D5266} = {8F5443CD-73E7-4616-B60B-D4DA7B1BC18B}
	EndGlobalSection
EndGlobal
